{
    "requires": true,
    "lockfileVersion": 1,
    "dependencies": {
        "bootstrap": {
            "version": "4.3.1",
            "resolved": "https://registry.npmjs.org/bootstrap/-/bootstrap-4.3.1.tgz",
            "integrity": "sha512-rXqOmH1VilAt2DyPzluTi2blhk17bO7ef+zLLPlWvG494pDxcM234pJ8wTc/6R40UWizAIIMgxjvxZg5kmsbag=="
        },
        "bootstrap-fileinput": {
            "version": "5.0.6",
            "resolved": "https://registry.npmjs.org/bootstrap-fileinput/-/bootstrap-fileinput-5.0.6.tgz",
            "integrity": "sha512-IPqB6lIkM58X+AFEcCKXlbVVIxwJ110pAyAMX0Dcw4XkBYZVbrRt5Yssh5eFE+kFmi31kickAQhO+5TA7+FQjg==",
            "requires": {
                "bootstrap": ">= 3.4.1",
                "jquery": ">= 1.9.0",
                "opencollective-postinstall": "^2.0.2"
            }
        },
        "datatables.net": {
            "version": "1.10.19",
            "resolved": "https://registry.npmjs.org/datatables.net/-/datatables.net-1.10.19.tgz",
            "integrity": "sha512-+ljXcI6Pj3PTGy5pesp3E5Dr3x3AV45EZe0o1r0gKENN2gafBKXodVnk2ypKwl2tTmivjxbkiqoWnipTefyBTA==",
            "requires": {
                "jquery": ">=1.7"
            }
        },
        "datatables.net-dt": {
            "version": "1.10.19",
            "resolved": "https://registry.npmjs.org/datatables.net-dt/-/datatables.net-dt-1.10.19.tgz",
            "integrity": "sha512-joFHYjLYvr9VnC9Fx3e+8jtXnQ/fP/mPFWt9p0NhZ3Zm5N0jlYyWhJQbnLkihOLuDcDFMaGdBQSvmIdTVdgGyw==",
            "requires": {
                "datatables.net": "1.10.19",
                "jquery": ">=1.7"
            }
        },
        "jquery": {
            "version": "3.4.1",
            "resolved": "https://registry.npmjs.org/jquery/-/jquery-3.4.1.tgz",
            "integrity": "sha512-36+AdBzCL+y6qjw5Tx7HgzeGCzC81MDDgaUP8ld2zhx58HdqXGoBd+tHdrBMiyjGQs0Hxs/MLZTu/eHNJJuWPw=="
        },
        "opencollective-postinstall": {
            "version": "2.0.2",
            "resolved": "https://registry.npmjs.org/opencollective-postinstall/-/opencollective-postinstall-2.0.2.tgz",
            "integrity": "sha512-pVOEP16TrAO2/fjej1IdOyupJY8KDUM1CvsaScRbw6oddvpQoOfGk4ywha0HKKVAD6RkW4x6Q+tNBwhf3Bgpuw=="
        }
    }
}
